// !$*UTF8*$!
{
	archiveVersion = 1;
	classes = {
	};
	objectVersion = 48;
	objects = {

/* Begin PBXBuildFile section */
		18FA129C1FD920F80063A24A /* This.framework in Frameworks */ = {isa = PBXBuildFile; fileRef = 18FA12921FD920F80063A24A /* This.framework */; };
		18FA12A11FD920F80063A24A /* ThisTests.swift in Sources */ = {isa = PBXBuildFile; fileRef = 18FA12A01FD920F80063A24A /* ThisTests.swift */; };
		18FA12A31FD920F80063A24A /* This.h in Headers */ = {isa = PBXBuildFile; fileRef = 18FA12951FD920F80063A24A /* This.h */; settings = {ATTRIBUTES = (Public, ); }; };
		18FA12AD1FD9210D0063A24A /* This.swift in Sources */ = {isa = PBXBuildFile; fileRef = 18FA12AC1FD9210D0063A24A /* This.swift */; };
/* End PBXBuildFile section */

/* Begin PBXContainerItemProxy section */
		18FA129D1FD920F80063A24A /* PBXContainerItemProxy */ = {
			isa = PBXContainerItemProxy;
			containerPortal = 18FA12891FD920F80063A24A /* Project object */;
			proxyType = 1;
			remoteGlobalIDString = 18FA12911FD920F80063A24A;
			remoteInfo = This;
		};
/* End PBXContainerItemProxy section */

/* Begin PBXFileReference section */
		18FA12921FD920F80063A24A /* This.framework */ = {isa = PBXFileReference; explicitFileType = wrapper.framework; includeInIndex = 0; path = This.framework; sourceTree = BUILT_PRODUCTS_DIR; };
		18FA12951FD920F80063A24A /* This.h */ = {isa = PBXFileReference; lastKnownFileType = sourcecode.c.h; path = This.h; sourceTree = "<group>"; };
		18FA12961FD920F80063A24A /* Info.plist */ = {isa = PBXFileReference; lastKnownFileType = text.plist.xml; path = Info.plist; sourceTree = "<group>"; };
		18FA129B1FD920F80063A24A /* ThisTests.xctest */ = {isa = PBXFileReference; explicitFileType = wrapper.cfbundle; includeInIndex = 0; path = ThisTests.xctest; sourceTree = BUILT_PRODUCTS_DIR; };
		18FA12A01FD920F80063A24A /* ThisTests.swift */ = {isa = PBXFileReference; lastKnownFileType = sourcecode.swift; path = ThisTests.swift; sourceTree = "<group>"; };
		18FA12A21FD920F80063A24A /* Info.plist */ = {isa = PBXFileReference; lastKnownFileType = text.plist.xml; path = Info.plist; sourceTree = "<group>"; };
		18FA12AC1FD9210D0063A24A /* This.swift */ = {isa = PBXFileReference; lastKnownFileType = sourcecode.swift; path = This.swift; sourceTree = "<group>"; };
/* End PBXFileReference section */

/* Begin PBXFrameworksBuildPhase section */
		18FA128E1FD920F80063A24A /* Frameworks */ = {
			isa = PBXFrameworksBuildPhase;
			buildActionMask = 2147483647;
			files = (
			);
			runOnlyForDeploymentPostprocessing = 0;
		};
		18FA12981FD920F80063A24A /* Frameworks */ = {
			isa = PBXFrameworksBuildPhase;
			buildActionMask = 2147483647;
			files = (
				18FA129C1FD920F80063A24A /* This.framework in Frameworks */,
			);
			runOnlyForDeploymentPostprocessing = 0;
		};
/* End PBXFrameworksBuildPhase section */

/* Begin PBXGroup section */
		18FA12881FD920F70063A24A = {
			isa = PBXGroup;
			children = (
				18FA12941FD920F80063A24A /* This */,
				18FA129F1FD920F80063A24A /* ThisTests */,
				18FA12931FD920F80063A24A /* Products */,
			);
			sourceTree = "<group>";
		};
		18FA12931FD920F80063A24A /* Products */ = {
			isa = PBXGroup;
			children = (
				18FA12921FD920F80063A24A /* This.framework */,
				18FA129B1FD920F80063A24A /* ThisTests.xctest */,
			);
			name = Products;
			sourceTree = "<group>";
		};
		18FA12941FD920F80063A24A /* This */ = {
			isa = PBXGroup;
			children = (
				18FA12AC1FD9210D0063A24A /* This.swift */,
				18FA12951FD920F80063A24A /* This.h */,
				18FA12961FD920F80063A24A /* Info.plist */,
			);
			path = This;
			sourceTree = "<group>";
		};
		18FA129F1FD920F80063A24A /* ThisTests */ = {
			isa = PBXGroup;
			children = (
				18FA12A01FD920F80063A24A /* ThisTests.swift */,
				18FA12A21FD920F80063A24A /* Info.plist */,
			);
			path = ThisTests;
			sourceTree = "<group>";
		};
/* End PBXGroup section */

/* Begin PBXHeadersBuildPhase section */
		18FA128F1FD920F80063A24A /* Headers */ = {
			isa = PBXHeadersBuildPhase;
			buildActionMask = 2147483647;
			files = (
				18FA12A31FD920F80063A24A /* This.h in Headers */,
			);
			runOnlyForDeploymentPostprocessing = 0;
		};
/* End PBXHeadersBuildPhase section */

/* Begin PBXNativeTarget section */
		18FA12911FD920F80063A24A /* This */ = {
			isa = PBXNativeTarget;
			buildConfigurationList = 18FA12A61FD920F80063A24A /* Build configuration list for PBXNativeTarget "This" */;
			buildPhases = (
				18FA128D1FD920F80063A24A /* Sources */,
				18FA128E1FD920F80063A24A /* Frameworks */,
				18FA128F1FD920F80063A24A /* Headers */,
				18FA12901FD920F80063A24A /* Resources */,
			);
			buildRules = (
			);
			dependencies = (
			);
			name = This;
			productName = This;
			productReference = 18FA12921FD920F80063A24A /* This.framework */;
			productType = "com.apple.product-type.framework";
		};
		18FA129A1FD920F80063A24A /* ThisTests */ = {
			isa = PBXNativeTarget;
			buildConfigurationList = 18FA12A91FD920F80063A24A /* Build configuration list for PBXNativeTarget "ThisTests" */;
			buildPhases = (
				18FA12971FD920F80063A24A /* Sources */,
				18FA12981FD920F80063A24A /* Frameworks */,
				18FA12991FD920F80063A24A /* Resources */,
			);
			buildRules = (
			);
			dependencies = (
				18FA129E1FD920F80063A24A /* PBXTargetDependency */,
			);
			name = ThisTests;
			productName = ThisTests;
			productReference = 18FA129B1FD920F80063A24A /* ThisTests.xctest */;
			productType = "com.apple.product-type.bundle.unit-test";
		};
/* End PBXNativeTarget section */

/* Begin PBXProject section */
		18FA12891FD920F80063A24A /* Project object */ = {
			isa = PBXProject;
			attributes = {
				LastSwiftUpdateCheck = 0910;
				LastUpgradeCheck = 0910;
				ORGANIZATIONNAME = "Christopher Brandon Karani";
				TargetAttributes = {
					18FA12911FD920F80063A24A = {
						CreatedOnToolsVersion = 9.1;
						LastSwiftMigration = 0910;
						ProvisioningStyle = Automatic;
					};
					18FA129A1FD920F80063A24A = {
						CreatedOnToolsVersion = 9.1;
						ProvisioningStyle = Automatic;
					};
				};
			};
			buildConfigurationList = 18FA128C1FD920F80063A24A /* Build configuration list for PBXProject "This" */;
			compatibilityVersion = "Xcode 8.0";
			developmentRegion = en;
			hasScannedForEncodings = 0;
			knownRegions = (
				en,
			);
			mainGroup = 18FA12881FD920F70063A24A;
			productRefGroup = 18FA12931FD920F80063A24A /* Products */;
			projectDirPath = "";
			projectRoot = "";
			targets = (
				18FA12911FD920F80063A24A /* This */,
				18FA129A1FD920F80063A24A /* ThisTests */,
			);
		};
/* End PBXProject section */

/* Begin PBXResourcesBuildPhase section */
		18FA12901FD920F80063A24A /* Resources */ = {
			isa = PBXResourcesBuildPhase;
			buildActionMask = 2147483647;
			files = (
			);
			runOnlyForDeploymentPostprocessing = 0;
		};
		18FA12991FD920F80063A24A /* Resources */ = {
			isa = PBXResourcesBuildPhase;
			buildActionMask = 2147483647;
			files = (
			);
			runOnlyForDeploymentPostprocessing = 0;
		};
/* End PBXResourcesBuildPhase section */

/* Begin PBXSourcesBuildPhase section */
		18FA128D1FD920F80063A24A /* Sources */ = {
			isa = PBXSourcesBuildPhase;
			buildActionMask = 2147483647;
			files = (
				18FA12AD1FD9210D0063A24A /* This.swift in Sources */,
			);
			runOnlyForDeploymentPostprocessing = 0;
		};
		18FA12971FD920F80063A24A /* Sources */ = {
			isa = PBXSourcesBuildPhase;
			buildActionMask = 2147483647;
			files = (
				18FA12A11FD920F80063A24A /* ThisTests.swift in Sources */,
			);
			runOnlyForDeploymentPostprocessing = 0;
		};
/* End PBXSourcesBuildPhase section */

/* Begin PBXTargetDependency section */
		18FA129E1FD920F80063A24A /* PBXTargetDependency */ = {
			isa = PBXTargetDependency;
			target = 18FA12911FD920F80063A24A /* This */;
			targetProxy = 18FA129D1FD920F80063A24A /* PBXContainerItemProxy */;
		};
/* End PBXTargetDependency section */

/* Begin XCBuildConfiguration section */
		18FA12A41FD920F80063A24A /* Debug */ = {
			isa = XCBuildConfiguration;
			buildSettings = {
				ALWAYS_SEARCH_USER_PATHS = NO;
				CLANG_ANALYZER_NONNULL = YES;
				CLANG_ANALYZER_NUMBER_OBJECT_CONVERSION = YES_AGGRESSIVE;
				CLANG_CXX_LANGUAGE_STANDARD = "gnu++14";
				CLANG_CXX_LIBRARY = "libc++";
				CLANG_ENABLE_MODULES = YES;
				CLANG_ENABLE_OBJC_ARC = YES;
				CLANG_WARN_BLOCK_CAPTURE_AUTORELEASING = YES;
				CLANG_WARN_BOOL_CONVERSION = YES;
				CLANG_WARN_COMMA = YES;
				CLANG_WARN_CONSTANT_CONVERSION = YES;
				CLANG_WARN_DIRECT_OBJC_ISA_USAGE = YES_ERROR;
				CLANG_WARN_DOCUMENTATION_COMMENTS = YES;
				CLANG_WARN_EMPTY_BODY = YES;
				CLANG_WARN_ENUM_CONVERSION = YES;
				CLANG_WARN_INFINITE_RECURSION = YES;
				CLANG_WARN_INT_CONVERSION = YES;
				CLANG_WARN_NON_LITERAL_NULL_CONVERSION = YES;
				CLANG_WARN_OBJC_LITERAL_CONVERSION = YES;
				CLANG_WARN_OBJC_ROOT_CLASS = YES_ERROR;
				CLANG_WARN_RANGE_LOOP_ANALYSIS = YES;
				CLANG_WARN_STRICT_PROTOTYPES = YES;
				CLANG_WARN_SUSPICIOUS_MOVE = YES;
				CLANG_WARN_UNGUARDED_AVAILABILITY = YES_AGGRESSIVE;
				CLANG_WARN_UNREACHABLE_CODE = YES;
				CLANG_WARN__DUPLICATE_METHOD_MATCH = YES;
				CODE_SIGN_IDENTITY = "iPhone Developer";
				COPY_PHASE_STRIP = NO;
				CURRENT_PROJECT_VERSION = 1;
				DEBUG_INFORMATION_FORMAT = dwarf;
				ENABLE_STRICT_OBJC_MSGSEND = YES;
				ENABLE_TESTABILITY = YES;
				GCC_C_LANGUAGE_STANDARD = gnu11;
				GCC_DYNAMIC_NO_PIC = NO;
				GCC_NO_COMMON_BLOCKS = YES;
				GCC_OPTIMIZATION_LEVEL = 0;
				GCC_PREPROCESSOR_DEFINITIONS = (
					"DEBUG=1",
					"$(inherited)",
				);
				GCC_WARN_64_TO_32_BIT_CONVERSION = YES;
				GCC_WARN_ABOUT_RETURN_TYPE = YES_ERROR;
				GCC_WARN_UNDECLARED_SELECTOR = YES;
				GCC_WARN_UNINITIALIZED_AUTOS = YES_AGGRESSIVE;
				GCC_WARN_UNUSED_FUNCTION = YES;
				GCC_WARN_UNUSED_VARIABLE = YES;
				IPHONEOS_DEPLOYMENT_TARGET = 11.1;
				MTL_ENABLE_DEBUG_INFO = YES;
				ONLY_ACTIVE_ARCH = YES;
				SDKROOT = iphoneos;
				SWIFT_ACTIVE_COMPILATION_CONDITIONS = DEBUG;
				SWIFT_OPTIMIZATION_LEVEL = "-Onone";
				VERSIONING_SYSTEM = "apple-generic";
				VERSION_INFO_PREFIX = "";
			};
			name = Debug;
		};
		18FA12A51FD920F80063A24A /* Release */ = {
			isa = XCBuildConfiguration;
			buildSettings = {
				ALWAYS_SEARCH_USER_PATHS = NO;
				CLANG_ANALYZER_NONNULL = YES;
				CLANG_ANALYZER_NUMBER_OBJECT_CONVERSION = YES_AGGRESSIVE;
				CLANG_CXX_LANGUAGE_STANDARD = "gnu++14";
				CLANG_CXX_LIBRARY = "libc++";
				CLANG_ENABLE_MODULES = YES;
				CLANG_ENABLE_OBJC_ARC = YES;
				CLANG_WARN_BLOCK_CAPTURE_AUTORELEASING = YES;
				CLANG_WARN_BOOL_CONVERSION = YES;
				CLANG_WARN_COMMA = YES;
				CLANG_WARN_CONSTANT_CONVERSION = YES;
				CLANG_WARN_DIRECT_OBJC_ISA_USAGE = YES_ERROR;
				CLANG_WARN_DOCUMENTATION_COMMENTS = YES;
				CLANG_WARN_EMPTY_BODY = YES;
				CLANG_WARN_ENUM_CONVERSION = YES;
				CLANG_WARN_INFINITE_RECURSION = YES;
				CLANG_WARN_INT_CONVERSION = YES;
				CLANG_WARN_NON_LITERAL_NULL_CONVERSION = YES;
				CLANG_WARN_OBJC_LITERAL_CONVERSION = YES;
				CLANG_WARN_OBJC_ROOT_CLASS = YES_ERROR;
				CLANG_WARN_RANGE_LOOP_ANALYSIS = YES;
				CLANG_WARN_STRICT_PROTOTYPES = YES;
				CLANG_WARN_SUSPICIOUS_MOVE = YES;
				CLANG_WARN_UNGUARDED_AVAILABILITY = YES_AGGRESSIVE;
				CLANG_WARN_UNREACHABLE_CODE = YES;
				CLANG_WARN__DUPLICATE_METHOD_MATCH = YES;
				CODE_SIGN_IDENTITY = "iPhone Developer";
				COPY_PHASE_STRIP = NO;
				CURRENT_PROJECT_VERSION = 1;
				DEBUG_INFORMATION_FORMAT = "dwarf-with-dsym";
				ENABLE_NS_ASSERTIONS = NO;
				ENABLE_STRICT_OBJC_MSGSEND = YES;
				GCC_C_LANGUAGE_STANDARD = gnu11;
				GCC_NO_COMMON_BLOCKS = YES;
				GCC_WARN_64_TO_32_BIT_CONVERSION = YES;
				GCC_WARN_ABOUT_RETURN_TYPE = YES_ERROR;
				GCC_WARN_UNDECLARED_SELECTOR = YES;
				GCC_WARN_UNINITIALIZED_AUTOS = YES_AGGRESSIVE;
				GCC_WARN_UNUSED_FUNCTION = YES;
				GCC_WARN_UNUSED_VARIABLE = YES;
				IPHONEOS_DEPLOYMENT_TARGET = 11.1;
				MTL_ENABLE_DEBUG_INFO = NO;
				SDKROOT = iphoneos;
				SWIFT_OPTIMIZATION_LEVEL = "-Owholemodule";
				VALIDATE_PRODUCT = YES;
				VERSIONING_SYSTEM = "apple-generic";
				VERSION_INFO_PREFIX = "";
			};
			name = Release;
		};
		18FA12A71FD920F80063A24A /* Debug */ = {
			isa = XCBuildConfiguration;
			buildSettings = {
				CLANG_ENABLE_MODULES = YES;
				CODE_SIGN_IDENTITY = "";
				CODE_SIGN_STYLE = Automatic;
				DEFINES_MODULE = YES;
				DEVELOPMENT_TEAM = BTSZ26LN83;
				DYLIB_COMPATIBILITY_VERSION = 1;
				DYLIB_CURRENT_VERSION = 1;
				DYLIB_INSTALL_NAME_BASE = "@rpath";
				INFOPLIST_FILE = This/Info.plist;
				INSTALL_PATH = "$(LOCAL_LIBRARY_DIR)/Frameworks";
				LD_RUNPATH_SEARCH_PATHS = "$(inherited) @executable_path/Frameworks @loader_path/Frameworks";
				PRODUCT_BUNDLE_IDENTIFIER = com.cbk.This;
				PRODUCT_NAME = "$(TARGET_NAME:c99extidentifier)";
				SKIP_INSTALL = YES;
				SWIFT_OPTIMIZATION_LEVEL = "-Onone";
				SWIFT_VERSION = 4.0;
				TARGETED_DEVICE_FAMILY = "1,2";
			};
			name = Debug;
		};
		18FA12A81FD920F80063A24A /* Release */ = {
			isa = XCBuildConfiguration;
			buildSettings = {
				CLANG_ENABLE_MODULES = YES;
				CODE_SIGN_IDENTITY = "";
				CODE_SIGN_STYLE = Automatic;
				DEFINES_MODULE = YES;
				DEVELOPMENT_TEAM = BTSZ26LN83;
				DYLIB_COMPATIBILITY_VERSION = 1;
				DYLIB_CURRENT_VERSION = 1;
				DYLIB_INSTALL_NAME_BASE = "@rpath";
				INFOPLIST_FILE = This/Info.plist;
				INSTALL_PATH = "$(LOCAL_LIBRARY_DIR)/Frameworks";
				LD_RUNPATH_SEARCH_PATHS = "$(inherited) @executable_path/Frameworks @loader_path/Frameworks";
				PRODUCT_BUNDLE_IDENTIFIER = com.cbk.This;
				PRODUCT_NAME = "$(TARGET_NAME:c99extidentifier)";
				SKIP_INSTALL = YES;
				SWIFT_VERSION = 4.0;
				TARGETED_DEVICE_FAMILY = "1,2";
			};
			name = Release;
		};
		18FA12AA1FD920F80063A24A /* Debug */ = {
			isa = XCBuildConfiguration;
			buildSettings = {
				ALWAYS_EMBED_SWIFT_STANDARD_LIBRARIES = YES;
				CODE_SIGN_STYLE = Automatic;
				DEVELOPMENT_TEAM = BTSZ26LN83;
				INFOPLIST_FILE = ThisTests/Info.plist;
				LD_RUNPATH_SEARCH_PATHS = "$(inherited) @executable_path/Frameworks @loader_path/Frameworks";
				PRODUCT_BUNDLE_IDENTIFIER = com.cbk.ThisTests;
				PRODUCT_NAME = "$(TARGET_NAME)";
				SWIFT_VERSION = 4.0;
				TARGETED_DEVICE_FAMILY = "1,2";
			};
			name = Debug;
		};
		18FA12AB1FD920F80063A24A /* Release */ = {
			isa = XCBuildConfiguration;
			buildSettings = {
				ALWAYS_EMBED_SWIFT_STANDARD_LIBRARIES = YES;
				CODE_SIGN_STYLE = Automatic;
				DEVELOPMENT_TEAM = BTSZ26LN83;
				INFOPLIST_FILE = ThisTests/Info.plist;
				LD_RUNPATH_SEARCH_PATHS = "$(inherited) @executable_path/Frameworks @loader_path/Frameworks";
				PRODUCT_BUNDLE_IDENTIFIER = com.cbk.ThisTests;
				PRODUCT_NAME = "$(TARGET_NAME)";
				SWIFT_VERSION = 4.0;
				TARGETED_DEVICE_FAMILY = "1,2";
			};
			name = Release;
		};
/* End XCBuildConfiguration section */

/* Begin XCConfigurationList section */
		18FA128C1FD920F80063A24A /* Build configuration list for PBXProject "This" */ = {
			isa = XCConfigurationList;
			buildConfigurations = (
				18FA12A41FD920F80063A24A /* Debug */,
				18FA12A51FD920F80063A24A /* Release */,
			);
			defaultConfigurationIsVisible = 0;
			defaultConfigurationName = Release;
		};
		18FA12A61FD920F80063A24A /* Build configuration list for PBXNativeTarget "This" */ = {
			isa = XCConfigurationList;
			buildConfigurations = (
				18FA12A71FD920F80063A24A /* Debug */,
				18FA12A81FD920F80063A24A /* Release */,
			);
			defaultConfigurationIsVisible = 0;
			defaultConfigurationName = Release;
		};
		18FA12A91FD920F80063A24A /* Build configuration list for PBXNativeTarget "ThisTests" */ = {
			isa = XCConfigurationList;
			buildConfigurations = (
				18FA12AA1FD920F80063A24A /* Debug */,
				18FA12AB1FD920F80063A24A /* Release */,
			);
			defaultConfigurationIsVisible = 0;
			defaultConfigurationName = Release;
		};
/* End XCConfigurationList section */
	};
	rootObject = 18FA12891FD920F80063A24A /* Project object */;
}
